
Microsoft Visual Studio Solution File, Format Version 12.00
# Visual Studio Version 17
VisualStudioVersion = 17.6.33723.286
MinimumVisualStudioVersion = 10.0.40219.1
Project("{9A19103F-16F7-4668-BE54-9A1E7A4F7556}") = "ShopOnlineSolution.Web", "ShopOnlineSolution.Web\ShopOnlineSolution.Web.csproj", "{3E1331A6-7213-4E8B-966A-A86756BA2679}"
EndProject
Project("{9A19103F-16F7-4668-BE54-9A1E7A4F7556}") = "ShopOnline.Api", "ShopOnline.Api\ShopOnline.Api.csproj", "{21123B9D-A6E6-4940-BE5B-12F7447BD035}"
EndProject
Project("{FAE04EC0-301F-11D3-BF4B-00C04F79EFBC}") = "ShopOnline.Models", "ShopOnline.Models\ShopOnline.Models.csproj", "{55C69CDD-5D1C-4D41-B632-53AB8EACFA23}"
EndProject
Global
	GlobalSection(SolutionConfigurationPlatforms) = preSolution
		Debug|Any CPU = Debug|Any CPU
		Release|Any CPU = Release|Any CPU
	EndGlobalSection
	GlobalSection(ProjectConfigurationPlatforms) = postSolution
		{3E1331A6-7213-4E8B-966A-A86756BA2679}.Debug|Any CPU.ActiveCfg = Debug|Any CPU
		{3E1331A6-7213-4E8B-966A-A86756BA2679}.Debug|Any CPU.Build.0 = Debug|Any CPU
		{3E1331A6-7213-4E8B-966A-A86756BA2679}.Release|Any CPU.ActiveCfg = Release|Any CPU
		{3E1331A6-7213-4E8B-966A-A86756BA2679}.Release|Any CPU.Build.0 = Release|Any CPU
		{21123B9D-A6E6-4940-BE5B-12F7447BD035}.Debug|Any CPU.ActiveCfg = Debug|Any CPU
		{21123B9D-A6E6-4940-BE5B-12F7447BD035}.Debug|Any CPU.Build.0 = Debug|Any CPU
		{21123B9D-A6E6-4940-BE5B-12F7447BD035}.Release|Any CPU.ActiveCfg = Release|Any CPU
		{21123B9D-A6E6-4940-BE5B-12F7447BD035}.Release|Any CPU.Build.0 = Release|Any CPU
		{55C69CDD-5D1C-4D41-B632-53AB8EACFA23}.Debug|Any CPU.ActiveCfg = Debug|Any CPU
		{55C69CDD-5D1C-4D41-B632-53AB8EACFA23}.Debug|Any CPU.Build.0 = Debug|Any CPU
		{55C69CDD-5D1C-4D41-B632-53AB8EACFA23}.Release|Any CPU.ActiveCfg = Release|Any CPU
		{55C69CDD-5D1C-4D41-B632-53AB8EACFA23}.Release|Any CPU.Build.0 = Release|Any CPU
	EndGlobalSection
	GlobalSection(SolutionProperties) = preSolution
		HideSolutionNode = FALSE
	EndGlobalSection
	GlobalSection(ExtensibilityGlobals) = postSolution
		SolutionGuid = {C31EDB62-2BC9-4B78-864F-B6B13BBF1B8B}
	EndGlobalSection
EndGlobal
